{
  "name": "ml-dba-scripts",
  "version": "1.0.0",
  "lockfileVersion": 3,
  "requires": true,
  "packages": {
    "": {
      "name": "ml-dba-scripts",
      "version": "1.0.0",
      "license": "ISC",
      "dependencies": {
        "ml-mon-ami": "^1.3.0"
      }
    },
    "node_modules/commander": {
      "version": "12.0.0",
      "resolved": "https://registry.npmjs.org/commander/-/commander-12.0.0.tgz",
      "integrity": "sha512-MwVNWlYjDTtOjX5PiD7o5pK0UrFU/OYgcJfjjK4RaHZETNtjJqrZa9Y9ds88+A+f+d5lv+561eZ+yCKoS3gbAA==",
      "engines": {
        "node": ">=18"
      }
    },
    "node_modules/ml-mon-ami": {
      "version": "1.3.0",
      "resolved": "https://registry.npmjs.org/ml-mon-ami/-/ml-mon-ami-1.3.0.tgz",
      "integrity": "sha512-ZX+KOXtromxQ29mc8/u9ULYimWZVY6+3y07v8beL5cQEpBfgh9qOSAABWVVbAm5kxmX6s6lROtHX8pnYX42PBg==",
      "dependencies": {
        "commander": "^12.0.0"
      },
      "bin": {
        "scan": "scripts/build/scan-folder.js"
      }
    }
  }
}
